
Microsoft Visual Studio Solution File, Format Version 12.00
# Visual Studio Version 16
VisualStudioVersion = 16.0.31129.286
MinimumVisualStudioVersion = 10.0.40219.1
Project("{FAE04EC0-301F-11D3-BF4B-00C04F79EFBC}") = "GE.WareHouse", "GE.WareHouse\GE.WareHouse.csproj", "{92AD84A4-A159-4E03-9E86-B366062E220E}"
EndProject
Global
	GlobalSection(SolutionConfigurationPlatforms) = preSolution
		Debug|Any CPU = Debug|Any CPU
		Release|Any CPU = Release|Any CPU
	EndGlobalSection
	GlobalSection(ProjectConfigurationPlatforms) = postSolution
		{92AD84A4-A159-4E03-9E86-B366062E220E}.Debug|Any CPU.ActiveCfg = Debug|Any CPU
		{92AD84A4-A159-4E03-9E86-B366062E220E}.Debug|Any CPU.Build.0 = Debug|Any CPU
		{92AD84A4-A159-4E03-9E86-B366062E220E}.Release|Any CPU.ActiveCfg = Release|Any CPU
		{92AD84A4-A159-4E03-9E86-B366062E220E}.Release|Any CPU.Build.0 = Release|Any CPU
	EndGlobalSection
	GlobalSection(SolutionProperties) = preSolution
		HideSolutionNode = FALSE
	EndGlobalSection
	GlobalSection(ExtensibilityGlobals) = postSolution
		SolutionGuid = {F0DF95CA-348F-4B12-BD49-C9B8F97A5149}
	EndGlobalSection
EndGlobal
